
Microsoft Visual Studio Solution File, Format Version 12.00
# Visual Studio Version 17
VisualStudioVersion = 17.13.35828.75
MinimumVisualStudioVersion = 10.0.40219.1
Project("{8BC9CEB8-8B4A-11D0-8D11-00A0C91BC942}") = "Pointers", "Pointers\Pointers.vcxproj", "{1589B92C-5FB3-4177-B865-73CF8152BAC6}"
EndProject
Project("{8BC9CEB8-8B4A-11D0-8D11-00A0C91BC942}") = "TransferParameteres", "TransferParameteres\TransferParameteres.vcxproj", "{DEEE4167-5DCE-4730-BD4B-28B82A41089E}"
EndProject
Project("{8BC9CEB8-8B4A-11D0-8D11-00A0C91BC942}") = "References", "References\References.vcxproj", "{1486AF54-A01E-447B-8479-E5B661E735D3}"
EndProject
Project("{8BC9CEB8-8B4A-11D0-8D11-00A0C91BC942}") = "DynamicMemory", "DynamicMemory\DynamicMemory.vcxproj", "{5E7B4194-8521-4ABF-91AF-DF1BFB82207F}"
EndProject
Project("{8BC9CEB8-8B4A-11D0-8D11-00A0C91BC942}") = "FunctionsAndArrays", "FunctionsAndArrays\FunctionsAndArrays.vcxproj", "{A2B3F258-BE7D-4608-9ADE-239259E87751}"
EndProject
Project("{8BC9CEB8-8B4A-11D0-8D11-00A0C91BC942}") = "Split", "Split\Split.vcxproj", "{16E78D38-6A19-46C9-8860-862F59C5454D}"
EndProject
Global
	GlobalSection(SolutionConfigurationPlatforms) = preSolution
		Debug|x64 = Debug|x64
		Debug|x86 = Debug|x86
		Release|x64 = Release|x64
		Release|x86 = Release|x86
	EndGlobalSection
	GlobalSection(ProjectConfigurationPlatforms) = postSolution
		{1589B92C-5FB3-4177-B865-73CF8152BAC6}.Debug|x64.ActiveCfg = Debug|x64
		{1589B92C-5FB3-4177-B865-73CF8152BAC6}.Debug|x64.Build.0 = Debug|x64
		{1589B92C-5FB3-4177-B865-73CF8152BAC6}.Debug|x86.ActiveCfg = Debug|Win32
		{1589B92C-5FB3-4177-B865-73CF8152BAC6}.Debug|x86.Build.0 = Debug|Win32
		{1589B92C-5FB3-4177-B865-73CF8152BAC6}.Release|x64.ActiveCfg = Release|x64
		{1589B92C-5FB3-4177-B865-73CF8152BAC6}.Release|x64.Build.0 = Release|x64
		{1589B92C-5FB3-4177-B865-73CF8152BAC6}.Release|x86.ActiveCfg = Release|Win32
		{1589B92C-5FB3-4177-B865-73CF8152BAC6}.Release|x86.Build.0 = Release|Win32
		{DEEE4167-5DCE-4730-BD4B-28B82A41089E}.Debug|x64.ActiveCfg = Debug|x64
		{DEEE4167-5DCE-4730-BD4B-28B82A41089E}.Debug|x64.Build.0 = Debug|x64
		{DEEE4167-5DCE-4730-BD4B-28B82A41089E}.Debug|x86.ActiveCfg = Debug|Win32
		{DEEE4167-5DCE-4730-BD4B-28B82A41089E}.Debug|x86.Build.0 = Debug|Win32
		{DEEE4167-5DCE-4730-BD4B-28B82A41089E}.Release|x64.ActiveCfg = Release|x64
		{DEEE4167-5DCE-4730-BD4B-28B82A41089E}.Release|x64.Build.0 = Release|x64
		{DEEE4167-5DCE-4730-BD4B-28B82A41089E}.Release|x86.ActiveCfg = Release|Win32
		{DEEE4167-5DCE-4730-BD4B-28B82A41089E}.Release|x86.Build.0 = Release|Win32
		{1486AF54-A01E-447B-8479-E5B661E735D3}.Debug|x64.ActiveCfg = Debug|x64
		{1486AF54-A01E-447B-8479-E5B661E735D3}.Debug|x64.Build.0 = Debug|x64
		{1486AF54-A01E-447B-8479-E5B661E735D3}.Debug|x86.ActiveCfg = Debug|Win32
		{1486AF54-A01E-447B-8479-E5B661E735D3}.Debug|x86.Build.0 = Debug|Win32
		{1486AF54-A01E-447B-8479-E5B661E735D3}.Release|x64.ActiveCfg = Release|x64
		{1486AF54-A01E-447B-8479-E5B661E735D3}.Release|x64.Build.0 = Release|x64
		{1486AF54-A01E-447B-8479-E5B661E735D3}.Release|x86.ActiveCfg = Release|Win32
		{1486AF54-A01E-447B-8479-E5B661E735D3}.Release|x86.Build.0 = Release|Win32
		{5E7B4194-8521-4ABF-91AF-DF1BFB82207F}.Debug|x64.ActiveCfg = Debug|x64
		{5E7B4194-8521-4ABF-91AF-DF1BFB82207F}.Debug|x64.Build.0 = Debug|x64
		{5E7B4194-8521-4ABF-91AF-DF1BFB82207F}.Debug|x86.ActiveCfg = Debug|Win32
		{5E7B4194-8521-4ABF-91AF-DF1BFB82207F}.Debug|x86.Build.0 = Debug|Win32
		{5E7B4194-8521-4ABF-91AF-DF1BFB82207F}.Release|x64.ActiveCfg = Release|x64
		{5E7B4194-8521-4ABF-91AF-DF1BFB82207F}.Release|x64.Build.0 = Release|x64
		{5E7B4194-8521-4ABF-91AF-DF1BFB82207F}.Release|x86.ActiveCfg = Release|Win32
		{5E7B4194-8521-4ABF-91AF-DF1BFB82207F}.Release|x86.Build.0 = Release|Win32
		{A2B3F258-BE7D-4608-9ADE-239259E87751}.Debug|x64.ActiveCfg = Debug|x64
		{A2B3F258-BE7D-4608-9ADE-239259E87751}.Debug|x64.Build.0 = Debug|x64
		{A2B3F258-BE7D-4608-9ADE-239259E87751}.Debug|x86.ActiveCfg = Debug|Win32
		{A2B3F258-BE7D-4608-9ADE-239259E87751}.Debug|x86.Build.0 = Debug|Win32
		{A2B3F258-BE7D-4608-9ADE-239259E87751}.Release|x64.ActiveCfg = Release|x64
		{A2B3F258-BE7D-4608-9ADE-239259E87751}.Release|x64.Build.0 = Release|x64
		{A2B3F258-BE7D-4608-9ADE-239259E87751}.Release|x86.ActiveCfg = Release|Win32
		{A2B3F258-BE7D-4608-9ADE-239259E87751}.Release|x86.Build.0 = Release|Win32
		{16E78D38-6A19-46C9-8860-862F59C5454D}.Debug|x64.ActiveCfg = Debug|x64
		{16E78D38-6A19-46C9-8860-862F59C5454D}.Debug|x64.Build.0 = Debug|x64
		{16E78D38-6A19-46C9-8860-862F59C5454D}.Debug|x86.ActiveCfg = Debug|Win32
		{16E78D38-6A19-46C9-8860-862F59C5454D}.Debug|x86.Build.0 = Debug|Win32
		{16E78D38-6A19-46C9-8860-862F59C5454D}.Release|x64.ActiveCfg = Release|x64
		{16E78D38-6A19-46C9-8860-862F59C5454D}.Release|x64.Build.0 = Release|x64
		{16E78D38-6A19-46C9-8860-862F59C5454D}.Release|x86.ActiveCfg = Release|Win32
		{16E78D38-6A19-46C9-8860-862F59C5454D}.Release|x86.Build.0 = Release|Win32
	EndGlobalSection
	GlobalSection(SolutionProperties) = preSolution
		HideSolutionNode = FALSE
	EndGlobalSection
	GlobalSection(ExtensibilityGlobals) = postSolution
		SolutionGuid = {87801307-5BA2-47AB-857E-138B984278FD}
	EndGlobalSection
EndGlobal
